
Microsoft Visual Studio Solution File, Format Version 12.00
# Visual Studio Version 17
VisualStudioVersion = 17.10.35013.160
MinimumVisualStudioVersion = 10.0.40219.1
Project("{888888A0-9F3D-457C-B088-3A5042F75D52}") = "Coffee Machine OOP", "Coffee Machine OOP\Coffee Machine OOP.pyproj", "{A1B6F67B-73A0-4FBF-83B6-23196A46146E}"
EndProject
Global
	GlobalSection(SolutionConfigurationPlatforms) = preSolution
		Debug|Any CPU = Debug|Any CPU
		Release|Any CPU = Release|Any CPU
	EndGlobalSection
	GlobalSection(ProjectConfigurationPlatforms) = postSolution
		{A1B6F67B-73A0-4FBF-83B6-23196A46146E}.Debug|Any CPU.ActiveCfg = Debug|Any CPU
		{A1B6F67B-73A0-4FBF-83B6-23196A46146E}.Release|Any CPU.ActiveCfg = Release|Any CPU
	EndGlobalSection
	GlobalSection(SolutionProperties) = preSolution
		HideSolutionNode = FALSE
	EndGlobalSection
	GlobalSection(ExtensibilityGlobals) = postSolution
		SolutionGuid = {0DE368A7-D6E6-49AB-A403-CF85F6341453}
	EndGlobalSection
EndGlobal
