
Microsoft Visual Studio Solution File, Format Version 12.00
# Visual Studio Version 17
VisualStudioVersion = 17.10.35013.160
MinimumVisualStudioVersion = 10.0.40219.1
Project("{888888A0-9F3D-457C-B088-3A5042F75D52}") = "BlackJack", "BlackJack\BlackJack.pyproj", "{5054B03B-A56F-4CF2-A0B2-BCC1FCA59E95}"
EndProject
Global
	GlobalSection(SolutionConfigurationPlatforms) = preSolution
		Debug|Any CPU = Debug|Any CPU
		Release|Any CPU = Release|Any CPU
	EndGlobalSection
	GlobalSection(ProjectConfigurationPlatforms) = postSolution
		{5054B03B-A56F-4CF2-A0B2-BCC1FCA59E95}.Debug|Any CPU.ActiveCfg = Debug|Any CPU
		{5054B03B-A56F-4CF2-A0B2-BCC1FCA59E95}.Release|Any CPU.ActiveCfg = Release|Any CPU
	EndGlobalSection
	GlobalSection(SolutionProperties) = preSolution
		HideSolutionNode = FALSE
	EndGlobalSection
	GlobalSection(ExtensibilityGlobals) = postSolution
		SolutionGuid = {C19983F1-A4CF-4DC7-B506-29BB8FB52A94}
	EndGlobalSection
EndGlobal
