
Microsoft Visual Studio Solution File, Format Version 12.00
# Visual Studio Version 17
VisualStudioVersion = 17.7.34031.279
MinimumVisualStudioVersion = 10.0.40219.1
Project("{888888A0-9F3D-457C-B088-3A5042F75D52}") = "Tip Calculator", "Tip Calculator\Tip Calculator.pyproj", "{D1187773-7AE8-4069-8926-ADBB8DF8C155}"
EndProject
Global
	GlobalSection(SolutionConfigurationPlatforms) = preSolution
		Debug|Any CPU = Debug|Any CPU
		Release|Any CPU = Release|Any CPU
	EndGlobalSection
	GlobalSection(ProjectConfigurationPlatforms) = postSolution
		{D1187773-7AE8-4069-8926-ADBB8DF8C155}.Debug|Any CPU.ActiveCfg = Debug|Any CPU
		{D1187773-7AE8-4069-8926-ADBB8DF8C155}.Release|Any CPU.ActiveCfg = Release|Any CPU
	EndGlobalSection
	GlobalSection(SolutionProperties) = preSolution
		HideSolutionNode = FALSE
	EndGlobalSection
	GlobalSection(ExtensibilityGlobals) = postSolution
		SolutionGuid = {8A8A9F84-05E3-482D-BBFA-EB82E5804867}
	EndGlobalSection
EndGlobal
