
Microsoft Visual Studio Solution File, Format Version 12.00
# Visual Studio Version 17
VisualStudioVersion = 17.10.35013.160
MinimumVisualStudioVersion = 10.0.40219.1
Project("{888888A0-9F3D-457C-B088-3A5042F75D52}") = "Higher or Lower Game", "Higher or Lower Game\Higher or Lower Game.pyproj", "{DD5750B1-1F38-46B9-AD84-3E0AC9D3FA95}"
EndProject
Global
	GlobalSection(SolutionConfigurationPlatforms) = preSolution
		Debug|Any CPU = Debug|Any CPU
		Release|Any CPU = Release|Any CPU
	EndGlobalSection
	GlobalSection(ProjectConfigurationPlatforms) = postSolution
		{DD5750B1-1F38-46B9-AD84-3E0AC9D3FA95}.Debug|Any CPU.ActiveCfg = Debug|Any CPU
		{DD5750B1-1F38-46B9-AD84-3E0AC9D3FA95}.Release|Any CPU.ActiveCfg = Release|Any CPU
	EndGlobalSection
	GlobalSection(SolutionProperties) = preSolution
		HideSolutionNode = FALSE
	EndGlobalSection
	GlobalSection(ExtensibilityGlobals) = postSolution
		SolutionGuid = {F341430D-26AF-4F27-974C-A15DBBFC2B2D}
	EndGlobalSection
EndGlobal
